
Microsoft Visual Studio Solution File, Format Version 12.00
# Visual Studio Version 17
VisualStudioVersion = 17.0.31912.275
MinimumVisualStudioVersion = 10.0.40219.1
Project("{FAE04EC0-301F-11D3-BF4B-00C04F79EFBC}") = "SampleProject", "SampleProject\SampleProject.csproj", "{3D58BC2F-6B0C-412B-940A-424A87AD283B}"
EndProject
Project("{FAE04EC0-301F-11D3-BF4B-00C04F79EFBC}") = "SampleProject.Tests", "SampleProject.Tests\SampleProject.Tests.csproj", "{34AD5CA1-E60F-452C-B84C-31677C076701}"
EndProject
Global
	GlobalSection(SolutionConfigurationPlatforms) = preSolution
		Debug|Any CPU = Debug|Any CPU
		Release|Any CPU = Release|Any CPU
	EndGlobalSection
	GlobalSection(ProjectConfigurationPlatforms) = postSolution
		{3D58BC2F-6B0C-412B-940A-424A87AD283B}.Debug|Any CPU.ActiveCfg = Debug|Any CPU
		{3D58BC2F-6B0C-412B-940A-424A87AD283B}.Debug|Any CPU.Build.0 = Debug|Any CPU
		{3D58BC2F-6B0C-412B-940A-424A87AD283B}.Release|Any CPU.ActiveCfg = Release|Any CPU
		{3D58BC2F-6B0C-412B-940A-424A87AD283B}.Release|Any CPU.Build.0 = Release|Any CPU
		{34AD5CA1-E60F-452C-B84C-31677C076701}.Debug|Any CPU.ActiveCfg = Debug|Any CPU
		{34AD5CA1-E60F-452C-B84C-31677C076701}.Debug|Any CPU.Build.0 = Debug|Any CPU
		{34AD5CA1-E60F-452C-B84C-31677C076701}.Release|Any CPU.ActiveCfg = Release|Any CPU
		{34AD5CA1-E60F-452C-B84C-31677C076701}.Release|Any CPU.Build.0 = Release|Any CPU
	EndGlobalSection
	GlobalSection(SolutionProperties) = preSolution
		HideSolutionNode = FALSE
	EndGlobalSection
	GlobalSection(ExtensibilityGlobals) = postSolution
		SolutionGuid = {A06561C5-EF18-41D6-8218-67FEE955371D}
	EndGlobalSection
EndGlobal
